<?xml version="1.0" encoding="utf-8"?>
<Project ToolsVersion="4.0" xmlns="http://schemas.microsoft.com/developer/msbuild/2003">
  <ItemGroup>
    <Filter Include="Source Files">
      <UniqueIdentifier>{4FC737F1-C7A5-4376-A066-2A32D752A2FF}</UniqueIdentifier>
      <Extensions>cpp;c;cc;cxx;def;odl;idl;hpj;bat;asm;asmx</Extensions>
    </Filter>
    <Filter Include="Header Files">
      <UniqueIdentifier>{93995380-89BD-4b04-88EB-625FBE52EBFB}</UniqueIdentifier>
      <Extensions>h;hh;hpp;hxx;hm;inl;inc;ipp;xsd</Extensions>
    </Filter>
    <Filter Include="Resource Files">
      <UniqueIdentifier>{67DA6AB6-F800-4c08-8B7A-83BB121AAD01}</UniqueIdentifier>
      <Extensions>rc;ico;cur;bmp;dlg;rc2;rct;bin;rgs;gif;jpg;jpeg;jpe;resx;tiff;tif;png;wav;mfcribbon-ms</Extensions>
    </Filter>
    <Filter Include="Grid_Ctrl">
      <UniqueIdentifier>{7686c526-3a64-40eb-9983-bc2098250af7}</UniqueIdentifier>
    </Filter>
    <Filter Include="Multi_Thread">
      <UniqueIdentifier>{f65d01c2-49ab-4ba4-9c8f-192a73e02b2e}</UniqueIdentifier>
    </Filter>
    <Filter Include="My_Lib">
      <UniqueIdentifier>{e9590ef7-8fda-4f35-ba2f-3e36ce877578}</UniqueIdentifier>
    </Filter>
  </ItemGroup>
  <ItemGroup>
    <ClInclude Include="Word_Memorization.h">
      <Filter>Header Files</Filter>
    </ClInclude>
    <ClInclude Include="Word_MemorizationDlg.h">
      <Filter>Header Files</Filter>
    </ClInclude>
    <ClInclude Include="targetver.h">
      <Filter>Header Files</Filter>
    </ClInclude>
    <ClInclude Include="Resource.h">
      <Filter>Header Files</Filter>
    </ClInclude>
    <ClInclude Include="pch.h">
      <Filter>Header Files</Filter>
    </ClInclude>
    <ClInclude Include="_CExcelLib.h">
      <Filter>Header Files</Filter>
    </ClInclude>
    <ClInclude Include="CSharedMemory.h">
      <Filter>Header Files</Filter>
    </ClInclude>
    <ClInclude Include="CForm_Protocol.h">
      <Filter>Header Files</Filter>
    </ClInclude>
    <ClInclude Include="CForm_HeartBit.h">
      <Filter>Header Files</Filter>
    </ClInclude>
    <ClInclude Include="CForm_DuDefault_1.h">
      <Filter>Header Files</Filter>
    </ClInclude>
    <ClInclude Include="DefineOfDev_J.h">
      <Filter>Header Files</Filter>
    </ClInclude>
    <ClInclude Include="CForm_SetMVB.h">
      <Filter>Header Files</Filter>
    </ClInclude>
    <ClInclude Include="GridCtrl_src_new\MemDC.h">
      <Filter>Grid_Ctrl</Filter>
    </ClInclude>
    <ClInclude Include="Grid_Func_Group.h">
      <Filter>Header Files</Filter>
    </ClInclude>
    <ClInclude Include="CSetDataPopUp.h">
      <Filter>Header Files</Filter>
    </ClInclude>
    <ClInclude Include="Thread\Multi_Thread.h">
      <Filter>Multi_Thread</Filter>
    </ClInclude>
    <ClInclude Include="CDeviceProtocol.h">
      <Filter>Header Files</Filter>
    </ClInclude>
    <ClInclude Include="String\WJ_String.h">
      <Filter>My_Lib</Filter>
    </ClInclude>
  </ItemGroup>
  <ItemGroup>
    <ClCompile Include="Word_Memorization.cpp">
      <Filter>Source Files</Filter>
    </ClCompile>
    <ClCompile Include="Word_MemorizationDlg.cpp">
      <Filter>Source Files</Filter>
    </ClCompile>
    <ClCompile Include="pch.cpp">
      <Filter>Source Files</Filter>
    </ClCompile>
    <ClCompile Include="_CExcelLib.cpp">
      <Filter>Source Files</Filter>
    </ClCompile>
    <ClCompile Include="CSharedMemory.cpp">
      <Filter>Source Files</Filter>
    </ClCompile>
    <ClCompile Include="CForm_Protocol.cpp">
      <Filter>Source Files</Filter>
    </ClCompile>
    <ClCompile Include="CForm_HeartBit.cpp">
      <Filter>Source Files</Filter>
    </ClCompile>
    <ClCompile Include="CForm_DuDefault_1.cpp">
      <Filter>Source Files</Filter>
    </ClCompile>
    <ClCompile Include="DefineOfDev_J.cpp">
      <Filter>Source Files</Filter>
    </ClCompile>
    <ClCompile Include="CForm_SetMVB.cpp">
      <Filter>Source Files</Filter>
    </ClCompile>
    <ClCompile Include="GridCtrl_src_new\GridCell.cpp">
      <Filter>Grid_Ctrl</Filter>
    </ClCompile>
    <ClCompile Include="GridCtrl_src_new\GridCellBase.cpp">
      <Filter>Grid_Ctrl</Filter>
    </ClCompile>
    <ClCompile Include="GridCtrl_src_new\GridCtrl.cpp">
      <Filter>Grid_Ctrl</Filter>
    </ClCompile>
    <ClCompile Include="GridCtrl_src_new\GridDropTarget.cpp">
      <Filter>Grid_Ctrl</Filter>
    </ClCompile>
    <ClCompile Include="GridCtrl_src_new\InPlaceEdit.cpp">
      <Filter>Grid_Ctrl</Filter>
    </ClCompile>
    <ClCompile Include="GridCtrl_src_new\TitleTip.cpp">
      <Filter>Grid_Ctrl</Filter>
    </ClCompile>
    <ClCompile Include="Grid_Func_Group.cpp">
      <Filter>Source Files</Filter>
    </ClCompile>
    <ClCompile Include="CSetDataPopUp.cpp">
      <Filter>Source Files</Filter>
    </ClCompile>
    <ClCompile Include="Thread\Multi_Thread.cpp">
      <Filter>Multi_Thread</Filter>
    </ClCompile>
    <ClCompile Include="CDeviceProtocol.cpp">
      <Filter>Source Files</Filter>
    </ClCompile>
    <ClCompile Include="String\WJ_String.cpp">
      <Filter>My_Lib</Filter>
    </ClCompile>
  </ItemGroup>
  <ItemGroup>
    <ResourceCompile Include="WordMemorization.rc">
      <Filter>Resource Files</Filter>
    </ResourceCompile>
  </ItemGroup>
  <ItemGroup>
    <None Include="res\WordMemorization.rc2">
      <Filter>Resource Files</Filter>
    </None>
  </ItemGroup>
  <ItemGroup>
    <Image Include="res\Word_Memorization.ico">
      <Filter>Resource Files</Filter>
    </Image>
  </ItemGroup>
</Project>